
Microsoft Visual Studio Solution File, Format Version 12.00
# Visual Studio Version 16
VisualStudioVersion = 16.0.30406.217
MinimumVisualStudioVersion = 10.0.40219.1
Project("{FAE04EC0-301F-11D3-BF4B-00C04F79EFBC}") = "PrototipoMRP", "PrototipoMRP.csproj", "{1BE6E9F4-FC2A-4E29-BA58-821D5694BBB6}"
EndProject
Global
	GlobalSection(SolutionConfigurationPlatforms) = preSolution
		Debug|Any CPU = Debug|Any CPU
		Release|Any CPU = Release|Any CPU
	EndGlobalSection
	GlobalSection(ProjectConfigurationPlatforms) = postSolution
		{1BE6E9F4-FC2A-4E29-BA58-821D5694BBB6}.Debug|Any CPU.ActiveCfg = Debug|Any CPU
		{1BE6E9F4-FC2A-4E29-BA58-821D5694BBB6}.Debug|Any CPU.Build.0 = Debug|Any CPU
		{1BE6E9F4-FC2A-4E29-BA58-821D5694BBB6}.Release|Any CPU.ActiveCfg = Release|Any CPU
		{1BE6E9F4-FC2A-4E29-BA58-821D5694BBB6}.Release|Any CPU.Build.0 = Release|Any CPU
	EndGlobalSection
	GlobalSection(SolutionProperties) = preSolution
		HideSolutionNode = FALSE
	EndGlobalSection
	GlobalSection(ExtensibilityGlobals) = postSolution
		SolutionGuid = {FA94531A-28E7-4731-B04F-0A02D48E19DC}
	EndGlobalSection
EndGlobal
